
Microsoft Visual Studio Solution File, Format Version 12.00
# Visual Studio Version 17
VisualStudioVersion = 17.11.35222.181
MinimumVisualStudioVersion = 10.0.40219.1
Project("{FAE04EC0-301F-11D3-BF4B-00C04F79EFBC}") = "ConsoleAppProject", "ConsoleAppProject.csproj", "{869D3233-E60B-4B84-AD78-1B9C83A1F972}"
EndProject
Global
	GlobalSection(SolutionConfigurationPlatforms) = preSolution
		Debug|Any CPU = Debug|Any CPU
		Release|Any CPU = Release|Any CPU
	EndGlobalSection
	GlobalSection(ProjectConfigurationPlatforms) = postSolution
		{869D3233-E60B-4B84-AD78-1B9C83A1F972}.Debug|Any CPU.ActiveCfg = Debug|Any CPU
		{869D3233-E60B-4B84-AD78-1B9C83A1F972}.Debug|Any CPU.Build.0 = Debug|Any CPU
		{869D3233-E60B-4B84-AD78-1B9C83A1F972}.Release|Any CPU.ActiveCfg = Release|Any CPU
		{869D3233-E60B-4B84-AD78-1B9C83A1F972}.Release|Any CPU.Build.0 = Release|Any CPU
	EndGlobalSection
	GlobalSection(SolutionProperties) = preSolution
		HideSolutionNode = FALSE
	EndGlobalSection
	GlobalSection(ExtensibilityGlobals) = postSolution
		SolutionGuid = {27B768B7-4629-44D3-ABAC-0BAEEFCB10CB}
	EndGlobalSection
EndGlobal
